
Microsoft Visual Studio Solution File, Format Version 12.00
# Visual Studio Version 16
VisualStudioVersion = 16.0.31515.178
MinimumVisualStudioVersion = 10.0.40219.1
Project("{9A19103F-16F7-4668-BE54-9A1E7A4F7556}") = "AdressSearch", "AdressSearch\AdressSearch.csproj", "{B3DDAC23-698C-48CA-98C3-721B4F0A46F1}"
EndProject
Project("{FAE04EC0-301F-11D3-BF4B-00C04F79EFBC}") = "AdressSearchLib", "AdressSearchLib\AdressSearchLib.csproj", "{CFF0EFD3-7F61-47BE-BED5-CD4FE71EB4B4}"
EndProject
Global
	GlobalSection(SolutionConfigurationPlatforms) = preSolution
		Debug|Any CPU = Debug|Any CPU
		Release|Any CPU = Release|Any CPU
	EndGlobalSection
	GlobalSection(ProjectConfigurationPlatforms) = postSolution
		{B3DDAC23-698C-48CA-98C3-721B4F0A46F1}.Debug|Any CPU.ActiveCfg = Debug|Any CPU
		{B3DDAC23-698C-48CA-98C3-721B4F0A46F1}.Debug|Any CPU.Build.0 = Debug|Any CPU
		{B3DDAC23-698C-48CA-98C3-721B4F0A46F1}.Release|Any CPU.ActiveCfg = Release|Any CPU
		{B3DDAC23-698C-48CA-98C3-721B4F0A46F1}.Release|Any CPU.Build.0 = Release|Any CPU
		{CFF0EFD3-7F61-47BE-BED5-CD4FE71EB4B4}.Debug|Any CPU.ActiveCfg = Debug|Any CPU
		{CFF0EFD3-7F61-47BE-BED5-CD4FE71EB4B4}.Debug|Any CPU.Build.0 = Debug|Any CPU
		{CFF0EFD3-7F61-47BE-BED5-CD4FE71EB4B4}.Release|Any CPU.ActiveCfg = Release|Any CPU
		{CFF0EFD3-7F61-47BE-BED5-CD4FE71EB4B4}.Release|Any CPU.Build.0 = Release|Any CPU
	EndGlobalSection
	GlobalSection(SolutionProperties) = preSolution
		HideSolutionNode = FALSE
	EndGlobalSection
	GlobalSection(ExtensibilityGlobals) = postSolution
		SolutionGuid = {0217E9C6-29E4-443E-98BA-2A31224C8D5B}
	EndGlobalSection
EndGlobal
